// !$*UTF8*$!
{
	archiveVersion = 1;
	classes = {
	};
	objectVersion = 56;
	objects = {

/* Begin PBXBuildFile section */
		60E049C529B4AF27006A958E /* AppDelegate.swift in Sources */ = {isa = PBXBuildFile; fileRef = 60E049C429B4AF27006A958E /* AppDelegate.swift */; };
		60E049C729B4AF27006A958E /* SceneDelegate.swift in Sources */ = {isa = PBXBuildFile; fileRef = 60E049C629B4AF27006A958E /* SceneDelegate.swift */; };
		60E049C929B4AF27006A958E /* ViewController.swift in Sources */ = {isa = PBXBuildFile; fileRef = 60E049C829B4AF27006A958E /* ViewController.swift */; };
		60E049CE29B4AF29006A958E /* Assets.xcassets in Resources */ = {isa = PBXBuildFile; fileRef = 60E049CD29B4AF29006A958E /* Assets.xcassets */; };
		60E049D129B4AF29006A958E /* LaunchScreen.storyboard in Resources */ = {isa = PBXBuildFile; fileRef = 60E049CF29B4AF29006A958E /* LaunchScreen.storyboard */; };
		60E049DA29B4B66A006A958E /* SnapKit in Frameworks */ = {isa = PBXBuildFile; productRef = 60E049D929B4B66A006A958E /* SnapKit */; };
		60E049E229B4B7B6006A958E /* Ext+TableView.swift in Sources */ = {isa = PBXBuildFile; fileRef = 60E049E129B4B7B6006A958E /* Ext+TableView.swift */; };
		60E049E429B4B951006A958E /* Model.swift in Sources */ = {isa = PBXBuildFile; fileRef = 60E049E329B4B951006A958E /* Model.swift */; };
		60E049E629B4B9D9006A958E /* Ext+Model.swift in Sources */ = {isa = PBXBuildFile; fileRef = 60E049E529B4B9D9006A958E /* Ext+Model.swift */; };
		60E049E829B4C0BB006A958E /* SettingTableViewCell.swift in Sources */ = {isa = PBXBuildFile; fileRef = 60E049E729B4C0BB006A958E /* SettingTableViewCell.swift */; };
/* End PBXBuildFile section */

/* Begin PBXFileReference section */
		60E049C129B4AF27006A958E /* STARTIOS-HW13-Zhantassov Adlet.app */ = {isa = PBXFileReference; explicitFileType = wrapper.application; includeInIndex = 0; path = "STARTIOS-HW13-Zhantassov Adlet.app"; sourceTree = BUILT_PRODUCTS_DIR; };
		60E049C429B4AF27006A958E /* AppDelegate.swift */ = {isa = PBXFileReference; lastKnownFileType = sourcecode.swift; path = AppDelegate.swift; sourceTree = "<group>"; };
		60E049C629B4AF27006A958E /* SceneDelegate.swift */ = {isa = PBXFileReference; lastKnownFileType = sourcecode.swift; path = SceneDelegate.swift; sourceTree = "<group>"; };
		60E049C829B4AF27006A958E /* ViewController.swift */ = {isa = PBXFileReference; lastKnownFileType = sourcecode.swift; path = ViewController.swift; sourceTree = "<group>"; };
		60E049CD29B4AF29006A958E /* Assets.xcassets */ = {isa = PBXFileReference; lastKnownFileType = folder.assetcatalog; path = Assets.xcassets; sourceTree = "<group>"; };
		60E049D029B4AF29006A958E /* Base */ = {isa = PBXFileReference; lastKnownFileType = file.storyboard; name = Base; path = Base.lproj/LaunchScreen.storyboard; sourceTree = "<group>"; };
		60E049D229B4AF29006A958E /* Info.plist */ = {isa = PBXFileReference; lastKnownFileType = text.plist.xml; path = Info.plist; sourceTree = "<group>"; };
		60E049E129B4B7B6006A958E /* Ext+TableView.swift */ = {isa = PBXFileReference; lastKnownFileType = sourcecode.swift; path = "Ext+TableView.swift"; sourceTree = "<group>"; };
		60E049E329B4B951006A958E /* Model.swift */ = {isa = PBXFileReference; lastKnownFileType = sourcecode.swift; path = Model.swift; sourceTree = "<group>"; };
		60E049E529B4B9D9006A958E /* Ext+Model.swift */ = {isa = PBXFileReference; lastKnownFileType = sourcecode.swift; path = "Ext+Model.swift"; sourceTree = "<group>"; };
		60E049E729B4C0BB006A958E /* SettingTableViewCell.swift */ = {isa = PBXFileReference; lastKnownFileType = sourcecode.swift; path = SettingTableViewCell.swift; sourceTree = "<group>"; };
/* End PBXFileReference section */

/* Begin PBXFrameworksBuildPhase section */
		60E049BE29B4AF27006A958E /* Frameworks */ = {
			isa = PBXFrameworksBuildPhase;
			buildActionMask = 2147483647;
			files = (
				60E049DA29B4B66A006A958E /* SnapKit in Frameworks */,
			);
			runOnlyForDeploymentPostprocessing = 0;
		};
/* End PBXFrameworksBuildPhase section */

/* Begin PBXGroup section */
		60E049B829B4AF27006A958E = {
			isa = PBXGroup;
			children = (
				60E049C329B4AF27006A958E /* STARTIOS-HW13-Zhantassov Adlet */,
				60E049C229B4AF27006A958E /* Products */,
			);
			sourceTree = "<group>";
		};
		60E049C229B4AF27006A958E /* Products */ = {
			isa = PBXGroup;
			children = (
				60E049C129B4AF27006A958E /* STARTIOS-HW13-Zhantassov Adlet.app */,
			);
			name = Products;
			sourceTree = "<group>";
		};
		60E049C329B4AF27006A958E /* STARTIOS-HW13-Zhantassov Adlet */ = {
			isa = PBXGroup;
			children = (
				60E049DC29B4B68E006A958E /* Sources */,
				60E049DB29B4B688006A958E /* Resources */,
			);
			path = "STARTIOS-HW13-Zhantassov Adlet";
			sourceTree = "<group>";
		};
		60E049DB29B4B688006A958E /* Resources */ = {
			isa = PBXGroup;
			children = (
				60E049DD29B4B69E006A958E /* Configuration */,
				60E049CD29B4AF29006A958E /* Assets.xcassets */,
			);
			path = Resources;
			sourceTree = "<group>";
		};
		60E049DC29B4B68E006A958E /* Sources */ = {
			isa = PBXGroup;
			children = (
				60E049E029B4B77D006A958E /* UIKit+Extensions */,
				60E049C829B4AF27006A958E /* ViewController.swift */,
				60E049E329B4B951006A958E /* Model.swift */,
				60E049E729B4C0BB006A958E /* SettingTableViewCell.swift */,
				60E049DF29B4B6D9006A958E /* App */,
				60E049DE29B4B6CE006A958E /* Storyboards */,
			);
			path = Sources;
			sourceTree = "<group>";
		};
		60E049DD29B4B69E006A958E /* Configuration */ = {
			isa = PBXGroup;
			children = (
				60E049D229B4AF29006A958E /* Info.plist */,
			);
			path = Configuration;
			sourceTree = "<group>";
		};
		60E049DE29B4B6CE006A958E /* Storyboards */ = {
			isa = PBXGroup;
			children = (
				60E049CF29B4AF29006A958E /* LaunchScreen.storyboard */,
			);
			path = Storyboards;
			sourceTree = "<group>";
		};
		60E049DF29B4B6D9006A958E /* App */ = {
			isa = PBXGroup;
			children = (
				60E049C629B4AF27006A958E /* SceneDelegate.swift */,
				60E049C429B4AF27006A958E /* AppDelegate.swift */,
			);
			path = App;
			sourceTree = "<group>";
		};
		60E049E029B4B77D006A958E /* UIKit+Extensions */ = {
			isa = PBXGroup;
			children = (
				60E049E129B4B7B6006A958E /* Ext+TableView.swift */,
				60E049E529B4B9D9006A958E /* Ext+Model.swift */,
			);
			path = "UIKit+Extensions";
			sourceTree = "<group>";
		};
/* End PBXGroup section */

/* Begin PBXNativeTarget section */
		60E049C029B4AF27006A958E /* STARTIOS-HW13-Zhantassov Adlet */ = {
			isa = PBXNativeTarget;
			buildConfigurationList = 60E049D529B4AF29006A958E /* Build configuration list for PBXNativeTarget "STARTIOS-HW13-Zhantassov Adlet" */;
			buildPhases = (
				60E049BD29B4AF27006A958E /* Sources */,
				60E049BE29B4AF27006A958E /* Frameworks */,
				60E049BF29B4AF27006A958E /* Resources */,
			);
			buildRules = (
			);
			dependencies = (
			);
			name = "STARTIOS-HW13-Zhantassov Adlet";
			packageProductDependencies = (
				60E049D929B4B66A006A958E /* SnapKit */,
			);
			productName = "STARTIOS-HW13-Zhantassov Adlet";
			productReference = 60E049C129B4AF27006A958E /* STARTIOS-HW13-Zhantassov Adlet.app */;
			productType = "com.apple.product-type.application";
		};
/* End PBXNativeTarget section */

/* Begin PBXProject section */
		60E049B929B4AF27006A958E /* Project object */ = {
			isa = PBXProject;
			attributes = {
				BuildIndependentTargetsInParallel = 1;
				LastSwiftUpdateCheck = 1400;
				LastUpgradeCheck = 1400;
				TargetAttributes = {
					60E049C029B4AF27006A958E = {
						CreatedOnToolsVersion = 14.0.1;
					};
				};
			};
			buildConfigurationList = 60E049BC29B4AF27006A958E /* Build configuration list for PBXProject "STARTIOS-HW13-Zhantassov Adlet" */;
			compatibilityVersion = "Xcode 14.0";
			developmentRegion = en;
			hasScannedForEncodings = 0;
			knownRegions = (
				en,
				Base,
			);
			mainGroup = 60E049B829B4AF27006A958E;
			packageReferences = (
				60E049D829B4B66A006A958E /* XCRemoteSwiftPackageReference "SnapKit" */,
			);
			productRefGroup = 60E049C229B4AF27006A958E /* Products */;
			projectDirPath = "";
			projectRoot = "";
			targets = (
				60E049C029B4AF27006A958E /* STARTIOS-HW13-Zhantassov Adlet */,
			);
		};
/* End PBXProject section */

/* Begin PBXResourcesBuildPhase section */
		60E049BF29B4AF27006A958E /* Resources */ = {
			isa = PBXResourcesBuildPhase;
			buildActionMask = 2147483647;
			files = (
				60E049D129B4AF29006A958E /* LaunchScreen.storyboard in Resources */,
				60E049CE29B4AF29006A958E /* Assets.xcassets in Resources */,
			);
			runOnlyForDeploymentPostprocessing = 0;
		};
/* End PBXResourcesBuildPhase section */

/* Begin PBXSourcesBuildPhase section */
		60E049BD29B4AF27006A958E /* Sources */ = {
			isa = PBXSourcesBuildPhase;
			buildActionMask = 2147483647;
			files = (
				60E049E429B4B951006A958E /* Model.swift in Sources */,
				60E049E629B4B9D9006A958E /* Ext+Model.swift in Sources */,
				60E049E829B4C0BB006A958E /* SettingTableViewCell.swift in Sources */,
				60E049C929B4AF27006A958E /* ViewController.swift in Sources */,
				60E049E229B4B7B6006A958E /* Ext+TableView.swift in Sources */,
				60E049C529B4AF27006A958E /* AppDelegate.swift in Sources */,
				60E049C729B4AF27006A958E /* SceneDelegate.swift in Sources */,
			);
			runOnlyForDeploymentPostprocessing = 0;
		};
/* End PBXSourcesBuildPhase section */

/* Begin PBXVariantGroup section */
		60E049CF29B4AF29006A958E /* LaunchScreen.storyboard */ = {
			isa = PBXVariantGroup;
			children = (
				60E049D029B4AF29006A958E /* Base */,
			);
			name = LaunchScreen.storyboard;
			sourceTree = "<group>";
		};
/* End PBXVariantGroup section */

/* Begin XCBuildConfiguration section */
		60E049D329B4AF29006A958E /* Debug */ = {
			isa = XCBuildConfiguration;
			buildSettings = {
				ALWAYS_SEARCH_USER_PATHS = NO;
				CLANG_ANALYZER_NONNULL = YES;
				CLANG_ANALYZER_NUMBER_OBJECT_CONVERSION = YES_AGGRESSIVE;
				CLANG_CXX_LANGUAGE_STANDARD = "gnu++20";
				CLANG_ENABLE_MODULES = YES;
				CLANG_ENABLE_OBJC_ARC = YES;
				CLANG_ENABLE_OBJC_WEAK = YES;
				CLANG_WARN_BLOCK_CAPTURE_AUTORELEASING = YES;
				CLANG_WARN_BOOL_CONVERSION = YES;
				CLANG_WARN_COMMA = YES;
				CLANG_WARN_CONSTANT_CONVERSION = YES;
				CLANG_WARN_DEPRECATED_OBJC_IMPLEMENTATIONS = YES;
				CLANG_WARN_DIRECT_OBJC_ISA_USAGE = YES_ERROR;
				CLANG_WARN_DOCUMENTATION_COMMENTS = YES;
				CLANG_WARN_EMPTY_BODY = YES;
				CLANG_WARN_ENUM_CONVERSION = YES;
				CLANG_WARN_INFINITE_RECURSION = YES;
				CLANG_WARN_INT_CONVERSION = YES;
				CLANG_WARN_NON_LITERAL_NULL_CONVERSION = YES;
				CLANG_WARN_OBJC_IMPLICIT_RETAIN_SELF = YES;
				CLANG_WARN_OBJC_LITERAL_CONVERSION = YES;
				CLANG_WARN_OBJC_ROOT_CLASS = YES_ERROR;
				CLANG_WARN_QUOTED_INCLUDE_IN_FRAMEWORK_HEADER = YES;
				CLANG_WARN_RANGE_LOOP_ANALYSIS = YES;
				CLANG_WARN_STRICT_PROTOTYPES = YES;
				CLANG_WARN_SUSPICIOUS_MOVE = YES;
				CLANG_WARN_UNGUARDED_AVAILABILITY = YES_AGGRESSIVE;
				CLANG_WARN_UNREACHABLE_CODE = YES;
				CLANG_WARN__DUPLICATE_METHOD_MATCH = YES;
				COPY_PHASE_STRIP = NO;
				DEBUG_INFORMATION_FORMAT = dwarf;
				ENABLE_STRICT_OBJC_MSGSEND = YES;
				ENABLE_TESTABILITY = YES;
				GCC_C_LANGUAGE_STANDARD = gnu11;
				GCC_DYNAMIC_NO_PIC = NO;
				GCC_NO_COMMON_BLOCKS = YES;
				GCC_OPTIMIZATION_LEVEL = 0;
				GCC_PREPROCESSOR_DEFINITIONS = (
					"DEBUG=1",
					"$(inherited)",
				);
				GCC_WARN_64_TO_32_BIT_CONVERSION = YES;
				GCC_WARN_ABOUT_RETURN_TYPE = YES_ERROR;
				GCC_WARN_UNDECLARED_SELECTOR = YES;
				GCC_WARN_UNINITIALIZED_AUTOS = YES_AGGRESSIVE;
				GCC_WARN_UNUSED_FUNCTION = YES;
				GCC_WARN_UNUSED_VARIABLE = YES;
				IPHONEOS_DEPLOYMENT_TARGET = 16.0;
				MTL_ENABLE_DEBUG_INFO = INCLUDE_SOURCE;
				MTL_FAST_MATH = YES;
				ONLY_ACTIVE_ARCH = YES;
				SDKROOT = iphoneos;
				SWIFT_ACTIVE_COMPILATION_CONDITIONS = DEBUG;
				SWIFT_OPTIMIZATION_LEVEL = "-Onone";
			};
			name = Debug;
		};
		60E049D429B4AF29006A958E /* Release */ = {
			isa = XCBuildConfiguration;
			buildSettings = {
				ALWAYS_SEARCH_USER_PATHS = NO;
				CLANG_ANALYZER_NONNULL = YES;
				CLANG_ANALYZER_NUMBER_OBJECT_CONVERSION = YES_AGGRESSIVE;
				CLANG_CXX_LANGUAGE_STANDARD = "gnu++20";
				CLANG_ENABLE_MODULES = YES;
				CLANG_ENABLE_OBJC_ARC = YES;
				CLANG_ENABLE_OBJC_WEAK = YES;
				CLANG_WARN_BLOCK_CAPTURE_AUTORELEASING = YES;
				CLANG_WARN_BOOL_CONVERSION = YES;
				CLANG_WARN_COMMA = YES;
				CLANG_WARN_CONSTANT_CONVERSION = YES;
				CLANG_WARN_DEPRECATED_OBJC_IMPLEMENTATIONS = YES;
				CLANG_WARN_DIRECT_OBJC_ISA_USAGE = YES_ERROR;
				CLANG_WARN_DOCUMENTATION_COMMENTS = YES;
				CLANG_WARN_EMPTY_BODY = YES;
				CLANG_WARN_ENUM_CONVERSION = YES;
				CLANG_WARN_INFINITE_RECURSION = YES;
				CLANG_WARN_INT_CONVERSION = YES;
				CLANG_WARN_NON_LITERAL_NULL_CONVERSION = YES;
				CLANG_WARN_OBJC_IMPLICIT_RETAIN_SELF = YES;
				CLANG_WARN_OBJC_LITERAL_CONVERSION = YES;
				CLANG_WARN_OBJC_ROOT_CLASS = YES_ERROR;
				CLANG_WARN_QUOTED_INCLUDE_IN_FRAMEWORK_HEADER = YES;
				CLANG_WARN_RANGE_LOOP_ANALYSIS = YES;
				CLANG_WARN_STRICT_PROTOTYPES = YES;
				CLANG_WARN_SUSPICIOUS_MOVE = YES;
				CLANG_WARN_UNGUARDED_AVAILABILITY = YES_AGGRESSIVE;
				CLANG_WARN_UNREACHABLE_CODE = YES;
				CLANG_WARN__DUPLICATE_METHOD_MATCH = YES;
				COPY_PHASE_STRIP = NO;
				DEBUG_INFORMATION_FORMAT = "dwarf-with-dsym";
				ENABLE_NS_ASSERTIONS = NO;
				ENABLE_STRICT_OBJC_MSGSEND = YES;
				GCC_C_LANGUAGE_STANDARD = gnu11;
				GCC_NO_COMMON_BLOCKS = YES;
				GCC_WARN_64_TO_32_BIT_CONVERSION = YES;
				GCC_WARN_ABOUT_RETURN_TYPE = YES_ERROR;
				GCC_WARN_UNDECLARED_SELECTOR = YES;
				GCC_WARN_UNINITIALIZED_AUTOS = YES_AGGRESSIVE;
				GCC_WARN_UNUSED_FUNCTION = YES;
				GCC_WARN_UNUSED_VARIABLE = YES;
				IPHONEOS_DEPLOYMENT_TARGET = 16.0;
				MTL_ENABLE_DEBUG_INFO = NO;
				MTL_FAST_MATH = YES;
				SDKROOT = iphoneos;
				SWIFT_COMPILATION_MODE = wholemodule;
				SWIFT_OPTIMIZATION_LEVEL = "-O";
				VALIDATE_PRODUCT = YES;
			};
			name = Release;
		};
		60E049D629B4AF29006A958E /* Debug */ = {
			isa = XCBuildConfiguration;
			buildSettings = {
				ASSETCATALOG_COMPILER_APPICON_NAME = AppIcon;
				ASSETCATALOG_COMPILER_GLOBAL_ACCENT_COLOR_NAME = AccentColor;
				CODE_SIGN_STYLE = Automatic;
				CURRENT_PROJECT_VERSION = 1;
				DEVELOPMENT_TEAM = 6YX8RWQNTP;
				GENERATE_INFOPLIST_FILE = YES;
				INFOPLIST_FILE = "STARTIOS-HW13-Zhantassov Adlet/Resources/Configuration/Info.plist";
				INFOPLIST_KEY_UIApplicationSupportsIndirectInputEvents = YES;
				INFOPLIST_KEY_UILaunchStoryboardName = LaunchScreen;
				INFOPLIST_KEY_UISupportedInterfaceOrientations_iPad = "UIInterfaceOrientationPortrait UIInterfaceOrientationPortraitUpsideDown UIInterfaceOrientationLandscapeLeft UIInterfaceOrientationLandscapeRight";
				INFOPLIST_KEY_UISupportedInterfaceOrientations_iPhone = "UIInterfaceOrientationPortrait UIInterfaceOrientationLandscapeLeft UIInterfaceOrientationLandscapeRight";
				LD_RUNPATH_SEARCH_PATHS = (
					"$(inherited)",
					"@executable_path/Frameworks",
				);
				MARKETING_VERSION = 1.0;
				PRODUCT_BUNDLE_IDENTIFIER = "adlet.zhan.STARTIOS-HW13-Zhantassov-Adlet";
				PRODUCT_NAME = "$(TARGET_NAME)";
				SWIFT_EMIT_LOC_STRINGS = YES;
				SWIFT_VERSION = 5.0;
				TARGETED_DEVICE_FAMILY = "1,2";
			};
			name = Debug;
		};
		60E049D729B4AF29006A958E /* Release */ = {
			isa = XCBuildConfiguration;
			buildSettings = {
				ASSETCATALOG_COMPILER_APPICON_NAME = AppIcon;
				ASSETCATALOG_COMPILER_GLOBAL_ACCENT_COLOR_NAME = AccentColor;
				CODE_SIGN_STYLE = Automatic;
				CURRENT_PROJECT_VERSION = 1;
				DEVELOPMENT_TEAM = 6YX8RWQNTP;
				GENERATE_INFOPLIST_FILE = YES;
				INFOPLIST_FILE = "STARTIOS-HW13-Zhantassov Adlet/Resources/Configuration/Info.plist";
				INFOPLIST_KEY_UIApplicationSupportsIndirectInputEvents = YES;
				INFOPLIST_KEY_UILaunchStoryboardName = LaunchScreen;
				INFOPLIST_KEY_UISupportedInterfaceOrientations_iPad = "UIInterfaceOrientationPortrait UIInterfaceOrientationPortraitUpsideDown UIInterfaceOrientationLandscapeLeft UIInterfaceOrientationLandscapeRight";
				INFOPLIST_KEY_UISupportedInterfaceOrientations_iPhone = "UIInterfaceOrientationPortrait UIInterfaceOrientationLandscapeLeft UIInterfaceOrientationLandscapeRight";
				LD_RUNPATH_SEARCH_PATHS = (
					"$(inherited)",
					"@executable_path/Frameworks",
				);
				MARKETING_VERSION = 1.0;
				PRODUCT_BUNDLE_IDENTIFIER = "adlet.zhan.STARTIOS-HW13-Zhantassov-Adlet";
				PRODUCT_NAME = "$(TARGET_NAME)";
				SWIFT_EMIT_LOC_STRINGS = YES;
				SWIFT_VERSION = 5.0;
				TARGETED_DEVICE_FAMILY = "1,2";
			};
			name = Release;
		};
/* End XCBuildConfiguration section */

/* Begin XCConfigurationList section */
		60E049BC29B4AF27006A958E /* Build configuration list for PBXProject "STARTIOS-HW13-Zhantassov Adlet" */ = {
			isa = XCConfigurationList;
			buildConfigurations = (
				60E049D329B4AF29006A958E /* Debug */,
				60E049D429B4AF29006A958E /* Release */,
			);
			defaultConfigurationIsVisible = 0;
			defaultConfigurationName = Release;
		};
		60E049D529B4AF29006A958E /* Build configuration list for PBXNativeTarget "STARTIOS-HW13-Zhantassov Adlet" */ = {
			isa = XCConfigurationList;
			buildConfigurations = (
				60E049D629B4AF29006A958E /* Debug */,
				60E049D729B4AF29006A958E /* Release */,
			);
			defaultConfigurationIsVisible = 0;
			defaultConfigurationName = Release;
		};
/* End XCConfigurationList section */

/* Begin XCRemoteSwiftPackageReference section */
		60E049D829B4B66A006A958E /* XCRemoteSwiftPackageReference "SnapKit" */ = {
			isa = XCRemoteSwiftPackageReference;
			repositoryURL = "https://github.com/SnapKit/SnapKit.git";
			requirement = {
				kind = upToNextMajorVersion;
				minimumVersion = 5.0.0;
			};
		};
/* End XCRemoteSwiftPackageReference section */

/* Begin XCSwiftPackageProductDependency section */
		60E049D929B4B66A006A958E /* SnapKit */ = {
			isa = XCSwiftPackageProductDependency;
			package = 60E049D829B4B66A006A958E /* XCRemoteSwiftPackageReference "SnapKit" */;
			productName = SnapKit;
		};
/* End XCSwiftPackageProductDependency section */
	};
	rootObject = 60E049B929B4AF27006A958E /* Project object */;
}
